// !$*UTF8*$!
{
	archiveVersion = 1;
	classes = {
	};
	objectVersion = 46;
	objects = {

/* Begin PBXBuildFile section */
		2F04C3E019CF6617008FDFDD /* main.m in Sources */ = {isa = PBXBuildFile; fileRef = 2F04C3DF19CF6617008FDFDD /* main.m */; };
		2F04C3E319CF6617008FDFDD /* AppDelegate.m in Sources */ = {isa = PBXBuildFile; fileRef = 2F04C3E219CF6617008FDFDD /* AppDelegate.m */; };
		2F04C3E619CF6617008FDFDD /* FirstViewController.m in Sources */ = {isa = PBXBuildFile; fileRef = 2F04C3E519CF6617008FDFDD /* FirstViewController.m */; };
		2F04C3E919CF6617008FDFDD /* SecondViewController.m in Sources */ = {isa = PBXBuildFile; fileRef = 2F04C3E819CF6617008FDFDD /* SecondViewController.m */; };
		2F04C3EC19CF6617008FDFDD /* Main.storyboard in Resources */ = {isa = PBXBuildFile; fileRef = 2F04C3EA19CF6617008FDFDD /* Main.storyboard */; };
		2F04C3EE19CF6617008FDFDD /* Images.xcassets in Resources */ = {isa = PBXBuildFile; fileRef = 2F04C3ED19CF6617008FDFDD /* Images.xcassets */; };
		2F04C3F119CF6617008FDFDD /* LaunchScreen.xib in Resources */ = {isa = PBXBuildFile; fileRef = 2F04C3EF19CF6617008FDFDD /* LaunchScreen.xib */; };
		2F04C3FD19CF6618008FDFDD /* TwitterArchiveTests.m in Sources */ = {isa = PBXBuildFile; fileRef = 2F04C3FC19CF6618008FDFDD /* TwitterArchiveTests.m */; };
		2F85546B19CF6DD50055C8F4 /* Accounts.framework in Frameworks */ = {isa = PBXBuildFile; fileRef = 2F85546A19CF6DD50055C8F4 /* Accounts.framework */; };
		2F85546D19CF6DE70055C8F4 /* Social.framework in Frameworks */ = {isa = PBXBuildFile; fileRef = 2F85546C19CF6DE70055C8F4 /* Social.framework */; };
		2F85547919CFC1D70055C8F4 /* ParentController.m in Sources */ = {isa = PBXBuildFile; fileRef = 2F85547819CFC1D70055C8F4 /* ParentController.m */; };
		2F85547C19CFD3810055C8F4 /* TableViewCell.m in Sources */ = {isa = PBXBuildFile; fileRef = 2F85547B19CFD3810055C8F4 /* TableViewCell.m */; };
		2F85548219CFD7F50055C8F4 /* ImageTableViewCell.m in Sources */ = {isa = PBXBuildFile; fileRef = 2F85548119CFD7F50055C8F4 /* ImageTableViewCell.m */; };
		76D204F3B3394CDCBEDCDA1A /* libPods-TwitterArchive.a in Frameworks */ = {isa = PBXBuildFile; fileRef = A2C4177BF98F4471A5A5167E /* libPods-TwitterArchive.a */; };
/* End PBXBuildFile section */

/* Begin PBXContainerItemProxy section */
		2F04C3F719CF6618008FDFDD /* PBXContainerItemProxy */ = {
			isa = PBXContainerItemProxy;
			containerPortal = 2F04C3D219CF6617008FDFDD /* Project object */;
			proxyType = 1;
			remoteGlobalIDString = 2F04C3D919CF6617008FDFDD;
			remoteInfo = TwitterArchive;
		};
/* End PBXContainerItemProxy section */

/* Begin PBXFileReference section */
		2F04C3DA19CF6617008FDFDD /* TwitterArchive.app */ = {isa = PBXFileReference; explicitFileType = wrapper.application; includeInIndex = 0; path = TwitterArchive.app; sourceTree = BUILT_PRODUCTS_DIR; };
		2F04C3DE19CF6617008FDFDD /* Info.plist */ = {isa = PBXFileReference; lastKnownFileType = text.plist.xml; path = Info.plist; sourceTree = "<group>"; };
		2F04C3DF19CF6617008FDFDD /* main.m */ = {isa = PBXFileReference; lastKnownFileType = sourcecode.c.objc; path = main.m; sourceTree = "<group>"; };
		2F04C3E119CF6617008FDFDD /* AppDelegate.h */ = {isa = PBXFileReference; lastKnownFileType = sourcecode.c.h; path = AppDelegate.h; sourceTree = "<group>"; };
		2F04C3E219CF6617008FDFDD /* AppDelegate.m */ = {isa = PBXFileReference; lastKnownFileType = sourcecode.c.objc; path = AppDelegate.m; sourceTree = "<group>"; };
		2F04C3E419CF6617008FDFDD /* FirstViewController.h */ = {isa = PBXFileReference; lastKnownFileType = sourcecode.c.h; path = FirstViewController.h; sourceTree = "<group>"; };
		2F04C3E519CF6617008FDFDD /* FirstViewController.m */ = {isa = PBXFileReference; lastKnownFileType = sourcecode.c.objc; path = FirstViewController.m; sourceTree = "<group>"; };
		2F04C3E719CF6617008FDFDD /* SecondViewController.h */ = {isa = PBXFileReference; lastKnownFileType = sourcecode.c.h; path = SecondViewController.h; sourceTree = "<group>"; };
		2F04C3E819CF6617008FDFDD /* SecondViewController.m */ = {isa = PBXFileReference; lastKnownFileType = sourcecode.c.objc; path = SecondViewController.m; sourceTree = "<group>"; };
		2F04C3EB19CF6617008FDFDD /* Base */ = {isa = PBXFileReference; lastKnownFileType = file.storyboard; name = Base; path = Base.lproj/Main.storyboard; sourceTree = "<group>"; };
		2F04C3ED19CF6617008FDFDD /* Images.xcassets */ = {isa = PBXFileReference; lastKnownFileType = folder.assetcatalog; path = Images.xcassets; sourceTree = "<group>"; };
		2F04C3F019CF6617008FDFDD /* Base */ = {isa = PBXFileReference; lastKnownFileType = file.xib; name = Base; path = Base.lproj/LaunchScreen.xib; sourceTree = "<group>"; };
		2F04C3F619CF6618008FDFDD /* TwitterArchiveTests.xctest */ = {isa = PBXFileReference; explicitFileType = wrapper.cfbundle; includeInIndex = 0; path = TwitterArchiveTests.xctest; sourceTree = BUILT_PRODUCTS_DIR; };
		2F04C3FB19CF6618008FDFDD /* Info.plist */ = {isa = PBXFileReference; lastKnownFileType = text.plist.xml; path = Info.plist; sourceTree = "<group>"; };
		2F04C3FC19CF6618008FDFDD /* TwitterArchiveTests.m */ = {isa = PBXFileReference; lastKnownFileType = sourcecode.c.objc; path = TwitterArchiveTests.m; sourceTree = "<group>"; };
		2F85546A19CF6DD50055C8F4 /* Accounts.framework */ = {isa = PBXFileReference; lastKnownFileType = wrapper.framework; name = Accounts.framework; path = System/Library/Frameworks/Accounts.framework; sourceTree = SDKROOT; };
		2F85546C19CF6DE70055C8F4 /* Social.framework */ = {isa = PBXFileReference; lastKnownFileType = wrapper.framework; name = Social.framework; path = System/Library/Frameworks/Social.framework; sourceTree = SDKROOT; };
		2F85547719CFC1D70055C8F4 /* ParentController.h */ = {isa = PBXFileReference; fileEncoding = 4; lastKnownFileType = sourcecode.c.h; path = ParentController.h; sourceTree = "<group>"; };
		2F85547819CFC1D70055C8F4 /* ParentController.m */ = {isa = PBXFileReference; fileEncoding = 4; lastKnownFileType = sourcecode.c.objc; path = ParentController.m; sourceTree = "<group>"; };
		2F85547A19CFD3810055C8F4 /* TableViewCell.h */ = {isa = PBXFileReference; fileEncoding = 4; lastKnownFileType = sourcecode.c.h; path = TableViewCell.h; sourceTree = "<group>"; };
		2F85547B19CFD3810055C8F4 /* TableViewCell.m */ = {isa = PBXFileReference; fileEncoding = 4; lastKnownFileType = sourcecode.c.objc; path = TableViewCell.m; sourceTree = "<group>"; };
		2F85548019CFD7F50055C8F4 /* ImageTableViewCell.h */ = {isa = PBXFileReference; fileEncoding = 4; lastKnownFileType = sourcecode.c.h; path = ImageTableViewCell.h; sourceTree = "<group>"; };
		2F85548119CFD7F50055C8F4 /* ImageTableViewCell.m */ = {isa = PBXFileReference; fileEncoding = 4; lastKnownFileType = sourcecode.c.objc; path = ImageTableViewCell.m; sourceTree = "<group>"; };
		6FCB71234178452395797205 /* Pods-TwitterArchive.xcconfig */ = {isa = PBXFileReference; includeInIndex = 1; lastKnownFileType = text.xcconfig; name = "Pods-TwitterArchive.xcconfig"; path = "Pods/Pods-TwitterArchive.xcconfig"; sourceTree = "<group>"; };
		A2C4177BF98F4471A5A5167E /* libPods-TwitterArchive.a */ = {isa = PBXFileReference; explicitFileType = archive.ar; includeInIndex = 0; path = "libPods-TwitterArchive.a"; sourceTree = BUILT_PRODUCTS_DIR; };
/* End PBXFileReference section */

/* Begin PBXFrameworksBuildPhase section */
		2F04C3D719CF6617008FDFDD /* Frameworks */ = {
			isa = PBXFrameworksBuildPhase;
			buildActionMask = 2147483647;
			files = (
				2F85546D19CF6DE70055C8F4 /* Social.framework in Frameworks */,
				2F85546B19CF6DD50055C8F4 /* Accounts.framework in Frameworks */,
				76D204F3B3394CDCBEDCDA1A /* libPods-TwitterArchive.a in Frameworks */,
			);
			runOnlyForDeploymentPostprocessing = 0;
		};
		2F04C3F319CF6618008FDFDD /* Frameworks */ = {
			isa = PBXFrameworksBuildPhase;
			buildActionMask = 2147483647;
			files = (
			);
			runOnlyForDeploymentPostprocessing = 0;
		};
/* End PBXFrameworksBuildPhase section */

/* Begin PBXGroup section */
		1470B66257B8400FBF7BAA15 /* Frameworks */ = {
			isa = PBXGroup;
			children = (
				2F85546C19CF6DE70055C8F4 /* Social.framework */,
				2F85546A19CF6DD50055C8F4 /* Accounts.framework */,
				A2C4177BF98F4471A5A5167E /* libPods-TwitterArchive.a */,
			);
			name = Frameworks;
			sourceTree = "<group>";
		};
		2F04C3D119CF6617008FDFDD = {
			isa = PBXGroup;
			children = (
				2F04C3DC19CF6617008FDFDD /* TwitterArchive */,
				2F04C3F919CF6618008FDFDD /* TwitterArchiveTests */,
				2F04C3DB19CF6617008FDFDD /* Products */,
				6FCB71234178452395797205 /* Pods-TwitterArchive.xcconfig */,
				1470B66257B8400FBF7BAA15 /* Frameworks */,
			);
			sourceTree = "<group>";
		};
		2F04C3DB19CF6617008FDFDD /* Products */ = {
			isa = PBXGroup;
			children = (
				2F04C3DA19CF6617008FDFDD /* TwitterArchive.app */,
				2F04C3F619CF6618008FDFDD /* TwitterArchiveTests.xctest */,
			);
			name = Products;
			sourceTree = "<group>";
		};
		2F04C3DC19CF6617008FDFDD /* TwitterArchive */ = {
			isa = PBXGroup;
			children = (
				2F04C3E119CF6617008FDFDD /* AppDelegate.h */,
				2F04C3E219CF6617008FDFDD /* AppDelegate.m */,
				2F04C3EA19CF6617008FDFDD /* Main.storyboard */,
				2F85547F19CFD3A10055C8F4 /* ViewControllers */,
				2F85547D19CFD38B0055C8F4 /* Views */,
				2F04C3ED19CF6617008FDFDD /* Images.xcassets */,
				2F04C3EF19CF6617008FDFDD /* LaunchScreen.xib */,
				2F04C3DD19CF6617008FDFDD /* Supporting Files */,
			);
			path = TwitterArchive;
			sourceTree = "<group>";
		};
		2F04C3DD19CF6617008FDFDD /* Supporting Files */ = {
			isa = PBXGroup;
			children = (
				2F04C3DE19CF6617008FDFDD /* Info.plist */,
				2F04C3DF19CF6617008FDFDD /* main.m */,
			);
			name = "Supporting Files";
			sourceTree = "<group>";
		};
		2F04C3F919CF6618008FDFDD /* TwitterArchiveTests */ = {
			isa = PBXGroup;
			children = (
				2F04C3FC19CF6618008FDFDD /* TwitterArchiveTests.m */,
				2F04C3FA19CF6618008FDFDD /* Supporting Files */,
			);
			path = TwitterArchiveTests;
			sourceTree = "<group>";
		};
		2F04C3FA19CF6618008FDFDD /* Supporting Files */ = {
			isa = PBXGroup;
			children = (
				2F04C3FB19CF6618008FDFDD /* Info.plist */,
			);
			name = "Supporting Files";
			sourceTree = "<group>";
		};
		2F85547D19CFD38B0055C8F4 /* Views */ = {
			isa = PBXGroup;
			children = (
				2F85547A19CFD3810055C8F4 /* TableViewCell.h */,
				2F85547B19CFD3810055C8F4 /* TableViewCell.m */,
				2F85548019CFD7F50055C8F4 /* ImageTableViewCell.h */,
				2F85548119CFD7F50055C8F4 /* ImageTableViewCell.m */,
			);
			name = Views;
			sourceTree = "<group>";
		};
		2F85547F19CFD3A10055C8F4 /* ViewControllers */ = {
			isa = PBXGroup;
			children = (
				2F85547719CFC1D70055C8F4 /* ParentController.h */,
				2F85547819CFC1D70055C8F4 /* ParentController.m */,
				2F04C3E419CF6617008FDFDD /* FirstViewController.h */,
				2F04C3E519CF6617008FDFDD /* FirstViewController.m */,
				2F04C3E719CF6617008FDFDD /* SecondViewController.h */,
				2F04C3E819CF6617008FDFDD /* SecondViewController.m */,
			);
			name = ViewControllers;
			sourceTree = "<group>";
		};
/* End PBXGroup section */

/* Begin PBXNativeTarget section */
		2F04C3D919CF6617008FDFDD /* TwitterArchive */ = {
			isa = PBXNativeTarget;
			buildConfigurationList = 2F04C40019CF6618008FDFDD /* Build configuration list for PBXNativeTarget "TwitterArchive" */;
			buildPhases = (
				268E4600C6C94A5FA7F3010D /* Check Pods Manifest.lock */,
				2F04C3D619CF6617008FDFDD /* Sources */,
				2F04C3D719CF6617008FDFDD /* Frameworks */,
				2F04C3D819CF6617008FDFDD /* Resources */,
				A1A91615107D46F0A0622CE5 /* Copy Pods Resources */,
			);
			buildRules = (
			);
			dependencies = (
			);
			name = TwitterArchive;
			productName = TwitterArchive;
			productReference = 2F04C3DA19CF6617008FDFDD /* TwitterArchive.app */;
			productType = "com.apple.product-type.application";
		};
		2F04C3F519CF6618008FDFDD /* TwitterArchiveTests */ = {
			isa = PBXNativeTarget;
			buildConfigurationList = 2F04C40319CF6618008FDFDD /* Build configuration list for PBXNativeTarget "TwitterArchiveTests" */;
			buildPhases = (
				2F04C3F219CF6618008FDFDD /* Sources */,
				2F04C3F319CF6618008FDFDD /* Frameworks */,
				2F04C3F419CF6618008FDFDD /* Resources */,
			);
			buildRules = (
			);
			dependencies = (
				2F04C3F819CF6618008FDFDD /* PBXTargetDependency */,
			);
			name = TwitterArchiveTests;
			productName = TwitterArchiveTests;
			productReference = 2F04C3F619CF6618008FDFDD /* TwitterArchiveTests.xctest */;
			productType = "com.apple.product-type.bundle.unit-test";
		};
/* End PBXNativeTarget section */

/* Begin PBXProject section */
		2F04C3D219CF6617008FDFDD /* Project object */ = {
			isa = PBXProject;
			attributes = {
				LastUpgradeCheck = 0600;
				ORGANIZATIONNAME = "Hikari Senju";
				TargetAttributes = {
					2F04C3D919CF6617008FDFDD = {
						CreatedOnToolsVersion = 6.0;
					};
					2F04C3F519CF6618008FDFDD = {
						CreatedOnToolsVersion = 6.0;
						TestTargetID = 2F04C3D919CF6617008FDFDD;
					};
				};
			};
			buildConfigurationList = 2F04C3D519CF6617008FDFDD /* Build configuration list for PBXProject "TwitterArchive" */;
			compatibilityVersion = "Xcode 3.2";
			developmentRegion = English;
			hasScannedForEncodings = 0;
			knownRegions = (
				en,
				Base,
			);
			mainGroup = 2F04C3D119CF6617008FDFDD;
			productRefGroup = 2F04C3DB19CF6617008FDFDD /* Products */;
			projectDirPath = "";
			projectRoot = "";
			targets = (
				2F04C3D919CF6617008FDFDD /* TwitterArchive */,
				2F04C3F519CF6618008FDFDD /* TwitterArchiveTests */,
			);
		};
/* End PBXProject section */

/* Begin PBXResourcesBuildPhase section */
		2F04C3D819CF6617008FDFDD /* Resources */ = {
			isa = PBXResourcesBuildPhase;
			buildActionMask = 2147483647;
			files = (
				2F04C3EC19CF6617008FDFDD /* Main.storyboard in Resources */,
				2F04C3F119CF6617008FDFDD /* LaunchScreen.xib in Resources */,
				2F04C3EE19CF6617008FDFDD /* Images.xcassets in Resources */,
			);
			runOnlyForDeploymentPostprocessing = 0;
		};
		2F04C3F419CF6618008FDFDD /* Resources */ = {
			isa = PBXResourcesBuildPhase;
			buildActionMask = 2147483647;
			files = (
			);
			runOnlyForDeploymentPostprocessing = 0;
		};
/* End PBXResourcesBuildPhase section */

/* Begin PBXShellScriptBuildPhase section */
		268E4600C6C94A5FA7F3010D /* Check Pods Manifest.lock */ = {
			isa = PBXShellScriptBuildPhase;
			buildActionMask = 2147483647;
			files = (
			);
			inputPaths = (
			);
			name = "Check Pods Manifest.lock";
			outputPaths = (
			);
			runOnlyForDeploymentPostprocessing = 0;
			shellPath = /bin/sh;
			shellScript = "diff \"${PODS_ROOT}/../Podfile.lock\" \"${PODS_ROOT}/Manifest.lock\" > /dev/null\nif [[ $? != 0 ]] ; then\n    cat << EOM\nerror: The sandbox is not in sync with the Podfile.lock. Run 'pod install' or update your CocoaPods installation.\nEOM\n    exit 1\nfi\n";
			showEnvVarsInLog = 0;
		};
		A1A91615107D46F0A0622CE5 /* Copy Pods Resources */ = {
			isa = PBXShellScriptBuildPhase;
			buildActionMask = 2147483647;
			files = (
			);
			inputPaths = (
			);
			name = "Copy Pods Resources";
			outputPaths = (
			);
			runOnlyForDeploymentPostprocessing = 0;
			shellPath = /bin/sh;
			shellScript = "\"${SRCROOT}/Pods/Pods-TwitterArchive-resources.sh\"\n";
			showEnvVarsInLog = 0;
		};
/* End PBXShellScriptBuildPhase section */

/* Begin PBXSourcesBuildPhase section */
		2F04C3D619CF6617008FDFDD /* Sources */ = {
			isa = PBXSourcesBuildPhase;
			buildActionMask = 2147483647;
			files = (
				2F04C3E919CF6617008FDFDD /* SecondViewController.m in Sources */,
				2F85548219CFD7F50055C8F4 /* ImageTableViewCell.m in Sources */,
				2F85547C19CFD3810055C8F4 /* TableViewCell.m in Sources */,
				2F85547919CFC1D70055C8F4 /* ParentController.m in Sources */,
				2F04C3E319CF6617008FDFDD /* AppDelegate.m in Sources */,
				2F04C3E619CF6617008FDFDD /* FirstViewController.m in Sources */,
				2F04C3E019CF6617008FDFDD /* main.m in Sources */,
			);
			runOnlyForDeploymentPostprocessing = 0;
		};
		2F04C3F219CF6618008FDFDD /* Sources */ = {
			isa = PBXSourcesBuildPhase;
			buildActionMask = 2147483647;
			files = (
				2F04C3FD19CF6618008FDFDD /* TwitterArchiveTests.m in Sources */,
			);
			runOnlyForDeploymentPostprocessing = 0;
		};
/* End PBXSourcesBuildPhase section */

/* Begin PBXTargetDependency section */
		2F04C3F819CF6618008FDFDD /* PBXTargetDependency */ = {
			isa = PBXTargetDependency;
			target = 2F04C3D919CF6617008FDFDD /* TwitterArchive */;
			targetProxy = 2F04C3F719CF6618008FDFDD /* PBXContainerItemProxy */;
		};
/* End PBXTargetDependency section */

/* Begin PBXVariantGroup section */
		2F04C3EA19CF6617008FDFDD /* Main.storyboard */ = {
			isa = PBXVariantGroup;
			children = (
				2F04C3EB19CF6617008FDFDD /* Base */,
			);
			name = Main.storyboard;
			sourceTree = "<group>";
		};
		2F04C3EF19CF6617008FDFDD /* LaunchScreen.xib */ = {
			isa = PBXVariantGroup;
			children = (
				2F04C3F019CF6617008FDFDD /* Base */,
			);
			name = LaunchScreen.xib;
			sourceTree = "<group>";
		};
/* End PBXVariantGroup section */

/* Begin XCBuildConfiguration section */
		2F04C3FE19CF6618008FDFDD /* Debug */ = {
			isa = XCBuildConfiguration;
			buildSettings = {
				ALWAYS_SEARCH_USER_PATHS = NO;
				CLANG_CXX_LANGUAGE_STANDARD = "gnu++0x";
				CLANG_CXX_LIBRARY = "libc++";
				CLANG_ENABLE_MODULES = YES;
				CLANG_ENABLE_OBJC_ARC = YES;
				CLANG_WARN_BOOL_CONVERSION = YES;
				CLANG_WARN_CONSTANT_CONVERSION = YES;
				CLANG_WARN_DIRECT_OBJC_ISA_USAGE = YES_ERROR;
				CLANG_WARN_EMPTY_BODY = YES;
				CLANG_WARN_ENUM_CONVERSION = YES;
				CLANG_WARN_INT_CONVERSION = YES;
				CLANG_WARN_OBJC_ROOT_CLASS = YES_ERROR;
				CLANG_WARN_UNREACHABLE_CODE = YES;
				CLANG_WARN__DUPLICATE_METHOD_MATCH = YES;
				"CODE_SIGN_IDENTITY[sdk=iphoneos*]" = "iPhone Developer";
				COPY_PHASE_STRIP = NO;
				ENABLE_STRICT_OBJC_MSGSEND = YES;
				GCC_C_LANGUAGE_STANDARD = gnu99;
				GCC_DYNAMIC_NO_PIC = NO;
				GCC_OPTIMIZATION_LEVEL = 0;
				GCC_PREPROCESSOR_DEFINITIONS = (
					"DEBUG=1",
					"$(inherited)",
				);
				GCC_SYMBOLS_PRIVATE_EXTERN = NO;
				GCC_WARN_64_TO_32_BIT_CONVERSION = YES;
				GCC_WARN_ABOUT_RETURN_TYPE = YES_ERROR;
				GCC_WARN_UNDECLARED_SELECTOR = YES;
				GCC_WARN_UNINITIALIZED_AUTOS = YES_AGGRESSIVE;
				GCC_WARN_UNUSED_FUNCTION = YES;
				GCC_WARN_UNUSED_VARIABLE = YES;
				IPHONEOS_DEPLOYMENT_TARGET = 8.0;
				MTL_ENABLE_DEBUG_INFO = YES;
				ONLY_ACTIVE_ARCH = YES;
				SDKROOT = iphoneos;
			};
			name = Debug;
		};
		2F04C3FF19CF6618008FDFDD /* Release */ = {
			isa = XCBuildConfiguration;
			buildSettings = {
				ALWAYS_SEARCH_USER_PATHS = NO;
				CLANG_CXX_LANGUAGE_STANDARD = "gnu++0x";
				CLANG_CXX_LIBRARY = "libc++";
				CLANG_ENABLE_MODULES = YES;
				CLANG_ENABLE_OBJC_ARC = YES;
				CLANG_WARN_BOOL_CONVERSION = YES;
				CLANG_WARN_CONSTANT_CONVERSION = YES;
				CLANG_WARN_DIRECT_OBJC_ISA_USAGE = YES_ERROR;
				CLANG_WARN_EMPTY_BODY = YES;
				CLANG_WARN_ENUM_CONVERSION = YES;
				CLANG_WARN_INT_CONVERSION = YES;
				CLANG_WARN_OBJC_ROOT_CLASS = YES_ERROR;
				CLANG_WARN_UNREACHABLE_CODE = YES;
				CLANG_WARN__DUPLICATE_METHOD_MATCH = YES;
				"CODE_SIGN_IDENTITY[sdk=iphoneos*]" = "iPhone Developer";
				COPY_PHASE_STRIP = YES;
				ENABLE_NS_ASSERTIONS = NO;
				ENABLE_STRICT_OBJC_MSGSEND = YES;
				GCC_C_LANGUAGE_STANDARD = gnu99;
				GCC_WARN_64_TO_32_BIT_CONVERSION = YES;
				GCC_WARN_ABOUT_RETURN_TYPE = YES_ERROR;
				GCC_WARN_UNDECLARED_SELECTOR = YES;
				GCC_WARN_UNINITIALIZED_AUTOS = YES_AGGRESSIVE;
				GCC_WARN_UNUSED_FUNCTION = YES;
				GCC_WARN_UNUSED_VARIABLE = YES;
				IPHONEOS_DEPLOYMENT_TARGET = 8.0;
				MTL_ENABLE_DEBUG_INFO = NO;
				SDKROOT = iphoneos;
				VALIDATE_PRODUCT = YES;
			};
			name = Release;
		};
		2F04C40119CF6618008FDFDD /* Debug */ = {
			isa = XCBuildConfiguration;
			baseConfigurationReference = 6FCB71234178452395797205 /* Pods-TwitterArchive.xcconfig */;
			buildSettings = {
				ASSETCATALOG_COMPILER_APPICON_NAME = AppIcon;
				INFOPLIST_FILE = TwitterArchive/Info.plist;
				LD_RUNPATH_SEARCH_PATHS = "$(inherited) @executable_path/Frameworks";
				PRODUCT_NAME = "$(TARGET_NAME)";
			};
			name = Debug;
		};
		2F04C40219CF6618008FDFDD /* Release */ = {
			isa = XCBuildConfiguration;
			baseConfigurationReference = 6FCB71234178452395797205 /* Pods-TwitterArchive.xcconfig */;
			buildSettings = {
				ASSETCATALOG_COMPILER_APPICON_NAME = AppIcon;
				INFOPLIST_FILE = TwitterArchive/Info.plist;
				LD_RUNPATH_SEARCH_PATHS = "$(inherited) @executable_path/Frameworks";
				PRODUCT_NAME = "$(TARGET_NAME)";
			};
			name = Release;
		};
		2F04C40419CF6618008FDFDD /* Debug */ = {
			isa = XCBuildConfiguration;
			buildSettings = {
				BUNDLE_LOADER = "$(TEST_HOST)";
				FRAMEWORK_SEARCH_PATHS = (
					"$(SDKROOT)/Developer/Library/Frameworks",
					"$(inherited)",
				);
				GCC_PREPROCESSOR_DEFINITIONS = (
					"DEBUG=1",
					"$(inherited)",
				);
				INFOPLIST_FILE = TwitterArchiveTests/Info.plist;
				LD_RUNPATH_SEARCH_PATHS = "$(inherited) @executable_path/Frameworks @loader_path/Frameworks";
				PRODUCT_NAME = "$(TARGET_NAME)";
				TEST_HOST = "$(BUILT_PRODUCTS_DIR)/TwitterArchive.app/TwitterArchive";
			};
			name = Debug;
		};
		2F04C40519CF6618008FDFDD /* Release */ = {
			isa = XCBuildConfiguration;
			buildSettings = {
				BUNDLE_LOADER = "$(TEST_HOST)";
				FRAMEWORK_SEARCH_PATHS = (
					"$(SDKROOT)/Developer/Library/Frameworks",
					"$(inherited)",
				);
				INFOPLIST_FILE = TwitterArchiveTests/Info.plist;
				LD_RUNPATH_SEARCH_PATHS = "$(inherited) @executable_path/Frameworks @loader_path/Frameworks";
				PRODUCT_NAME = "$(TARGET_NAME)";
				TEST_HOST = "$(BUILT_PRODUCTS_DIR)/TwitterArchive.app/TwitterArchive";
			};
			name = Release;
		};
/* End XCBuildConfiguration section */

/* Begin XCConfigurationList section */
		2F04C3D519CF6617008FDFDD /* Build configuration list for PBXProject "TwitterArchive" */ = {
			isa = XCConfigurationList;
			buildConfigurations = (
				2F04C3FE19CF6618008FDFDD /* Debug */,
				2F04C3FF19CF6618008FDFDD /* Release */,
			);
			defaultConfigurationIsVisible = 0;
			defaultConfigurationName = Release;
		};
		2F04C40019CF6618008FDFDD /* Build configuration list for PBXNativeTarget "TwitterArchive" */ = {
			isa = XCConfigurationList;
			buildConfigurations = (
				2F04C40119CF6618008FDFDD /* Debug */,
				2F04C40219CF6618008FDFDD /* Release */,
			);
			defaultConfigurationIsVisible = 0;
			defaultConfigurationName = Release;
		};
		2F04C40319CF6618008FDFDD /* Build configuration list for PBXNativeTarget "TwitterArchiveTests" */ = {
			isa = XCConfigurationList;
			buildConfigurations = (
				2F04C40419CF6618008FDFDD /* Debug */,
				2F04C40519CF6618008FDFDD /* Release */,
			);
			defaultConfigurationIsVisible = 0;
			defaultConfigurationName = Release;
		};
/* End XCConfigurationList section */
	};
	rootObject = 2F04C3D219CF6617008FDFDD /* Project object */;
}
